
Microsoft Visual Studio Solution File, Format Version 12.00
# Visual Studio Version 17
VisualStudioVersion = 17.9.34728.123
MinimumVisualStudioVersion = 10.0.40219.1
Project("{9A19103F-16F7-4668-BE54-9A1E7A4F7556}") = "OpenAPI.Ordering", "OpenAPI.Ordering\OpenAPI.Ordering.csproj", "{00EA9853-2FAC-4945-897A-D1BC19B984F5}"
EndProject
Project("{FAE04EC0-301F-11D3-BF4B-00C04F79EFBC}") = "SharedKernel", "SharedKernel\SharedKernel.csproj", "{8DD796A6-0306-4399-B1B1-BB880518BCDA}"
EndProject
Project("{FAE04EC0-301F-11D3-BF4B-00C04F79EFBC}") = "IntegrationEvents", "IntegrationEvents\IntegrationEvents.csproj", "{79E63096-C6A5-49FD-A97A-AEDF5633B831}"
EndProject
Global
	GlobalSection(SolutionConfigurationPlatforms) = preSolution
		Debug|Any CPU = Debug|Any CPU
		Release|Any CPU = Release|Any CPU
	EndGlobalSection
	GlobalSection(ProjectConfigurationPlatforms) = postSolution
		{00EA9853-2FAC-4945-897A-D1BC19B984F5}.Debug|Any CPU.ActiveCfg = Debug|Any CPU
		{00EA9853-2FAC-4945-897A-D1BC19B984F5}.Debug|Any CPU.Build.0 = Debug|Any CPU
		{00EA9853-2FAC-4945-897A-D1BC19B984F5}.Release|Any CPU.ActiveCfg = Release|Any CPU
		{00EA9853-2FAC-4945-897A-D1BC19B984F5}.Release|Any CPU.Build.0 = Release|Any CPU
		{8DD796A6-0306-4399-B1B1-BB880518BCDA}.Debug|Any CPU.ActiveCfg = Debug|Any CPU
		{8DD796A6-0306-4399-B1B1-BB880518BCDA}.Debug|Any CPU.Build.0 = Debug|Any CPU
		{8DD796A6-0306-4399-B1B1-BB880518BCDA}.Release|Any CPU.ActiveCfg = Release|Any CPU
		{8DD796A6-0306-4399-B1B1-BB880518BCDA}.Release|Any CPU.Build.0 = Release|Any CPU
		{79E63096-C6A5-49FD-A97A-AEDF5633B831}.Debug|Any CPU.ActiveCfg = Debug|Any CPU
		{79E63096-C6A5-49FD-A97A-AEDF5633B831}.Debug|Any CPU.Build.0 = Debug|Any CPU
		{79E63096-C6A5-49FD-A97A-AEDF5633B831}.Release|Any CPU.ActiveCfg = Release|Any CPU
		{79E63096-C6A5-49FD-A97A-AEDF5633B831}.Release|Any CPU.Build.0 = Release|Any CPU
	EndGlobalSection
	GlobalSection(SolutionProperties) = preSolution
		HideSolutionNode = FALSE
	EndGlobalSection
	GlobalSection(ExtensibilityGlobals) = postSolution
		SolutionGuid = {2453B61D-21DA-42A3-B146-BAEA556C806D}
	EndGlobalSection
EndGlobal
